
Microsoft Visual Studio Solution File, Format Version 12.00
# Visual Studio Version 17
VisualStudioVersion = 17.6.33829.357
MinimumVisualStudioVersion = 10.0.40219.1
Project("{FAE04EC0-301F-11D3-BF4B-00C04F79EFBC}") = "WpfAppListBoxMultipleItemsDeletionMVVMProject4", "WpfAppListBoxMultipleItemsDeletionMVVMProject4.csproj", "{0D6B2A25-9865-43DA-84A7-4FA7BF547978}"
EndProject
Global
	GlobalSection(SolutionConfigurationPlatforms) = preSolution
		Debug|Any CPU = Debug|Any CPU
		Release|Any CPU = Release|Any CPU
	EndGlobalSection
	GlobalSection(ProjectConfigurationPlatforms) = postSolution
		{0D6B2A25-9865-43DA-84A7-4FA7BF547978}.Debug|Any CPU.ActiveCfg = Debug|Any CPU
		{0D6B2A25-9865-43DA-84A7-4FA7BF547978}.Debug|Any CPU.Build.0 = Debug|Any CPU
		{0D6B2A25-9865-43DA-84A7-4FA7BF547978}.Release|Any CPU.ActiveCfg = Release|Any CPU
		{0D6B2A25-9865-43DA-84A7-4FA7BF547978}.Release|Any CPU.Build.0 = Release|Any CPU
	EndGlobalSection
	GlobalSection(SolutionProperties) = preSolution
		HideSolutionNode = FALSE
	EndGlobalSection
	GlobalSection(ExtensibilityGlobals) = postSolution
		SolutionGuid = {B59E3129-783C-49E4-ACDD-00621BE15F4F}
	EndGlobalSection
EndGlobal
